
Microsoft Visual Studio Solution File, Format Version 12.00
# Visual Studio 2012
Project("{8BC9CEB8-8B4A-11D0-8D11-00A0C91BC942}") = "SavingFace", "SavingFace.vcxproj", "{D2337884-5522-46F3-B103-C46FF242A08B}"
EndProject
Project("{8BC9CEB8-8B4A-11D0-8D11-00A0C91BC942}") = "SavingFaceTest", "SavingFaceTest\SavingFaceTest.vcxproj", "{EA306BB3-D15A-4E11-8EFF-4C240B9D0E3A}"
EndProject
Project("{FAE04EC0-301F-11D3-BF4B-00C04F79EFBC}") = "SavingFaceGUI", "GUI project\SavingFaceGUI\SavingFaceGUI\SavingFaceGUI.csproj", "{14665777-FF2A-4375-B698-B96005EFD486}"
	ProjectSection(ProjectDependencies) = postProject
		{D2337884-5522-46F3-B103-C46FF242A08B} = {D2337884-5522-46F3-B103-C46FF242A08B}
	EndProjectSection
EndProject
Project("{8BC9CEB8-8B4A-11D0-8D11-00A0C91BC942}") = "SavingFaceW32GUI", "SavingFaceW32GUI\SavingFaceW32GUI.vcxproj", "{9A808058-C6C7-4536-A249-4EAAD72DB633}"
	ProjectSection(ProjectDependencies) = postProject
		{D2337884-5522-46F3-B103-C46FF242A08B} = {D2337884-5522-46F3-B103-C46FF242A08B}
	EndProjectSection
EndProject
Global
	GlobalSection(SolutionConfigurationPlatforms) = preSolution
		Debug|Any CPU = Debug|Any CPU
		Debug|Mixed Platforms = Debug|Mixed Platforms
		Debug|Win32 = Debug|Win32
		Debug|x64 = Debug|x64
		Release|Any CPU = Release|Any CPU
		Release|Mixed Platforms = Release|Mixed Platforms
		Release|Win32 = Release|Win32
		Release|x64 = Release|x64
	EndGlobalSection
	GlobalSection(ProjectConfigurationPlatforms) = postSolution
		{D2337884-5522-46F3-B103-C46FF242A08B}.Debug|Any CPU.ActiveCfg = Debug|Win32
		{D2337884-5522-46F3-B103-C46FF242A08B}.Debug|Mixed Platforms.ActiveCfg = Debug|Win32
		{D2337884-5522-46F3-B103-C46FF242A08B}.Debug|Mixed Platforms.Build.0 = Debug|Win32
		{D2337884-5522-46F3-B103-C46FF242A08B}.Debug|Win32.ActiveCfg = Debug|Win32
		{D2337884-5522-46F3-B103-C46FF242A08B}.Debug|Win32.Build.0 = Debug|Win32
		{D2337884-5522-46F3-B103-C46FF242A08B}.Debug|x64.ActiveCfg = Debug|Win32
		{D2337884-5522-46F3-B103-C46FF242A08B}.Release|Any CPU.ActiveCfg = Release|Win32
		{D2337884-5522-46F3-B103-C46FF242A08B}.Release|Mixed Platforms.ActiveCfg = Release|Win32
		{D2337884-5522-46F3-B103-C46FF242A08B}.Release|Mixed Platforms.Build.0 = Release|Win32
		{D2337884-5522-46F3-B103-C46FF242A08B}.Release|Win32.ActiveCfg = Release|Win32
		{D2337884-5522-46F3-B103-C46FF242A08B}.Release|Win32.Build.0 = Release|Win32
		{D2337884-5522-46F3-B103-C46FF242A08B}.Release|x64.ActiveCfg = Release|Win32
		{EA306BB3-D15A-4E11-8EFF-4C240B9D0E3A}.Debug|Any CPU.ActiveCfg = Debug|Win32
		{EA306BB3-D15A-4E11-8EFF-4C240B9D0E3A}.Debug|Mixed Platforms.ActiveCfg = Debug|Win32
		{EA306BB3-D15A-4E11-8EFF-4C240B9D0E3A}.Debug|Mixed Platforms.Build.0 = Debug|Win32
		{EA306BB3-D15A-4E11-8EFF-4C240B9D0E3A}.Debug|Win32.ActiveCfg = Debug|Win32
		{EA306BB3-D15A-4E11-8EFF-4C240B9D0E3A}.Debug|Win32.Build.0 = Debug|Win32
		{EA306BB3-D15A-4E11-8EFF-4C240B9D0E3A}.Debug|x64.ActiveCfg = Debug|Win32
		{EA306BB3-D15A-4E11-8EFF-4C240B9D0E3A}.Release|Any CPU.ActiveCfg = Release|Win32
		{EA306BB3-D15A-4E11-8EFF-4C240B9D0E3A}.Release|Mixed Platforms.ActiveCfg = Release|Win32
		{EA306BB3-D15A-4E11-8EFF-4C240B9D0E3A}.Release|Mixed Platforms.Build.0 = Release|Win32
		{EA306BB3-D15A-4E11-8EFF-4C240B9D0E3A}.Release|Win32.ActiveCfg = Release|Win32
		{EA306BB3-D15A-4E11-8EFF-4C240B9D0E3A}.Release|Win32.Build.0 = Release|Win32
		{EA306BB3-D15A-4E11-8EFF-4C240B9D0E3A}.Release|x64.ActiveCfg = Release|Win32
		{14665777-FF2A-4375-B698-B96005EFD486}.Debug|Any CPU.ActiveCfg = Debug|Any CPU
		{14665777-FF2A-4375-B698-B96005EFD486}.Debug|Any CPU.Build.0 = Debug|Any CPU
		{14665777-FF2A-4375-B698-B96005EFD486}.Debug|Mixed Platforms.ActiveCfg = Debug|Any CPU
		{14665777-FF2A-4375-B698-B96005EFD486}.Debug|Mixed Platforms.Build.0 = Debug|Any CPU
		{14665777-FF2A-4375-B698-B96005EFD486}.Debug|Win32.ActiveCfg = Debug|Any CPU
		{14665777-FF2A-4375-B698-B96005EFD486}.Debug|x64.ActiveCfg = Debug|Any CPU
		{14665777-FF2A-4375-B698-B96005EFD486}.Release|Any CPU.ActiveCfg = Release|Any CPU
		{14665777-FF2A-4375-B698-B96005EFD486}.Release|Any CPU.Build.0 = Release|Any CPU
		{14665777-FF2A-4375-B698-B96005EFD486}.Release|Mixed Platforms.ActiveCfg = Release|Any CPU
		{14665777-FF2A-4375-B698-B96005EFD486}.Release|Mixed Platforms.Build.0 = Release|Any CPU
		{14665777-FF2A-4375-B698-B96005EFD486}.Release|Win32.ActiveCfg = Release|Any CPU
		{14665777-FF2A-4375-B698-B96005EFD486}.Release|x64.ActiveCfg = Release|Any CPU
		{9A808058-C6C7-4536-A249-4EAAD72DB633}.Debug|Any CPU.ActiveCfg = Debug|Win32
		{9A808058-C6C7-4536-A249-4EAAD72DB633}.Debug|Mixed Platforms.ActiveCfg = Debug|Win32
		{9A808058-C6C7-4536-A249-4EAAD72DB633}.Debug|Mixed Platforms.Build.0 = Debug|Win32
		{9A808058-C6C7-4536-A249-4EAAD72DB633}.Debug|Win32.ActiveCfg = Debug|Win32
		{9A808058-C6C7-4536-A249-4EAAD72DB633}.Debug|Win32.Build.0 = Debug|Win32
		{9A808058-C6C7-4536-A249-4EAAD72DB633}.Debug|x64.ActiveCfg = Debug|x64
		{9A808058-C6C7-4536-A249-4EAAD72DB633}.Debug|x64.Build.0 = Debug|x64
		{9A808058-C6C7-4536-A249-4EAAD72DB633}.Release|Any CPU.ActiveCfg = Release|Win32
		{9A808058-C6C7-4536-A249-4EAAD72DB633}.Release|Mixed Platforms.ActiveCfg = Release|Win32
		{9A808058-C6C7-4536-A249-4EAAD72DB633}.Release|Mixed Platforms.Build.0 = Release|Win32
		{9A808058-C6C7-4536-A249-4EAAD72DB633}.Release|Win32.ActiveCfg = Release|Win32
		{9A808058-C6C7-4536-A249-4EAAD72DB633}.Release|Win32.Build.0 = Release|Win32
		{9A808058-C6C7-4536-A249-4EAAD72DB633}.Release|x64.ActiveCfg = Release|x64
		{9A808058-C6C7-4536-A249-4EAAD72DB633}.Release|x64.Build.0 = Release|x64
	EndGlobalSection
	GlobalSection(SolutionProperties) = preSolution
		HideSolutionNode = FALSE
	EndGlobalSection
	GlobalSection(ExtensibilityGlobals) = postSolution
		VisualSVNWorkingCopyRoot = .
	EndGlobalSection
EndGlobal
