
Microsoft Visual Studio Solution File, Format Version 12.00
# Visual Studio 2012
Project("{8BC9CEB8-8B4A-11D0-8D11-00A0C91BC942}") = "SavingFace", "SavingFace.vcxproj", "{D31FF67D-8C6A-4179-AABE-AE58283102A5}"
EndProject
Global
	GlobalSection(SolutionConfigurationPlatforms) = preSolution
		Debug|Win32 = Debug|Win32
		Release|Win32 = Release|Win32
	EndGlobalSection
	GlobalSection(ProjectConfigurationPlatforms) = postSolution
		{D31FF67D-8C6A-4179-AABE-AE58283102A5}.Debug|Win32.ActiveCfg = Debug|Win32
		{D31FF67D-8C6A-4179-AABE-AE58283102A5}.Debug|Win32.Build.0 = Debug|Win32
		{D31FF67D-8C6A-4179-AABE-AE58283102A5}.Release|Win32.ActiveCfg = Release|Win32
		{D31FF67D-8C6A-4179-AABE-AE58283102A5}.Release|Win32.Build.0 = Release|Win32
	EndGlobalSection
	GlobalSection(SolutionProperties) = preSolution
		HideSolutionNode = FALSE
	EndGlobalSection
	GlobalSection(ExtensibilityGlobals) = postSolution
		VisualSVNWorkingCopyRoot = .
	EndGlobalSection
EndGlobal
