<?xml version="1.0" encoding="utf-8"?>
<Project ToolsVersion="4.0" xmlns="http://schemas.microsoft.com/developer/msbuild/2003">
  <ItemGroup>
    <ClCompile Include="AddIdentifyDlg.cpp">
      <Filter>Src</Filter>
    </ClCompile>
    <ClCompile Include="AddUserDlg.cpp">
      <Filter>Src</Filter>
    </ClCompile>
    <ClCompile Include="SavingFaceC++GUI.cpp">
      <Filter>Src</Filter>
    </ClCompile>
    <ClCompile Include="SavingFaceC++GUIDlg.cpp">
      <Filter>Src</Filter>
    </ClCompile>
    <ClCompile Include="stdafx.cpp">
      <Filter>Src</Filter>
    </ClCompile>
    <ClCompile Include="$(PCSDK_DIR)/sample/common/src/util_capture.cpp" />
    <ClCompile Include="$(PCSDK_DIR)/sample/common/src/util_capture_file.cpp" />
    <ClCompile Include="$(PCSDK_DIR)/sample/common/src/util_captureimpl.cpp" />
    <ClCompile Include="$(PCSDK_DIR)/sample/common/src/util_pipeline_face.cpp" />
    <ClCompile Include="$(PCSDK_DIR)/sample/common/src/util_pipeline_gesture.cpp" />
    <ClCompile Include="$(PCSDK_DIR)/sample/common/src/util_pipeline_voice.cpp" />
    <ClCompile Include="$(PCSDK_DIR)/sample/common/src/util_pipeline_raw.cpp" />
    <ClCompile Include="$(PCSDK_DIR)/sample/common/src/util_pipeline_segmentation.cpp" />
    <ClCompile Include="$(PCSDK_DIR)/src/libpxc/libpxc.cpp" />
  </ItemGroup>
  <ItemGroup>
    <ClInclude Include="AddIdentifyDlg.h">
      <Filter>Include</Filter>
    </ClInclude>
    <ClInclude Include="AddUserDlg.h">
      <Filter>Include</Filter>
    </ClInclude>
    <ClInclude Include="Resource.h">
      <Filter>Include</Filter>
    </ClInclude>
    <ClInclude Include="SavingFaceC++GUI.h">
      <Filter>Include</Filter>
    </ClInclude>
    <ClInclude Include="SavingFaceC++GUIDlg.h">
      <Filter>Include</Filter>
    </ClInclude>
    <ClInclude Include="stdafx.h">
      <Filter>Include</Filter>
    </ClInclude>
    <ClInclude Include="targetver.h">
      <Filter>Include</Filter>
    </ClInclude>
    <ClInclude Include="global.h">
      <Filter>Include</Filter>
    </ClInclude>
  </ItemGroup>
  <ItemGroup>
    <Filter Include="Include">
      <UniqueIdentifier>{ed1df804-fc5c-409b-8c11-5238ff6004ce}</UniqueIdentifier>
    </Filter>
    <Filter Include="Src">
      <UniqueIdentifier>{5aab6673-574a-4e1f-bd3f-4427922af1a1}</UniqueIdentifier>
    </Filter>
    <Filter Include="Resources">
      <UniqueIdentifier>{f90f994d-0e58-4a9b-8ffe-8ffffc6971fc}</UniqueIdentifier>
    </Filter>
    <Filter Include="Doc">
      <UniqueIdentifier>{198ac711-5383-4c30-aad6-cf531a12071a}</UniqueIdentifier>
    </Filter>
  </ItemGroup>
  <ItemGroup>
    <Text Include="ReadMe.txt">
      <Filter>Doc</Filter>
    </Text>
  </ItemGroup>
  <ItemGroup>
    <Image Include="res\SavingFaceC++GUI.ico">
      <Filter>Resources</Filter>
    </Image>
  </ItemGroup>
  <ItemGroup>
    <ResourceCompile Include="SavingFaceC++GUI.rc">
      <Filter>Resources</Filter>
    </ResourceCompile>
  </ItemGroup>
</Project>